# Generated by buf. DO NOT EDIT.
version: v1
deps:
  - remote: buf.build
    owner: bufbuild
    repository: protovalidate
    commit: 4464c06fa39945d7af6dee1e63790bc6
    digest: shake256:575d37fe369598cb2c178b1e15d7c21773ded82bbc539d7c5dfb51c516da583d322d7d09882e5e00350424ca69c17fd5f8fd3ba2f96d6fe915769cbbda31d01b
  - remote: buf.build
    owner: isfk
    repository: prototagger
    commit: d67666533cab4d0181c9766b20cc33fd
    digest: shake256:4ed28671dcf7dbd5cf694eff1bbc15a74a9bb8a087ee52aff6ac9af7cc28f92c6be4914289a7909a5bc661ac74d43e4c19674dff9d1527ca0ba66916080dcc41
